
Microsoft Visual Studio Solution File, Format Version 12.00
# Visual Studio Version 17
VisualStudioVersion = 17.10.35027.167
MinimumVisualStudioVersion = 10.0.40219.1
Project("{FAE04EC0-301F-11D3-BF4B-00C04F79EFBC}") = "Okul", "Okul.csproj", "{218ACCE0-C352-4092-9C86-2F2DFE244582}"
EndProject
Global
	GlobalSection(SolutionConfigurationPlatforms) = preSolution
		Debug|Any CPU = Debug|Any CPU
		Release|Any CPU = Release|Any CPU
	EndGlobalSection
	GlobalSection(ProjectConfigurationPlatforms) = postSolution
		{218ACCE0-C352-4092-9C86-2F2DFE244582}.Debug|Any CPU.ActiveCfg = Debug|Any CPU
		{218ACCE0-C352-4092-9C86-2F2DFE244582}.Debug|Any CPU.Build.0 = Debug|Any CPU
		{218ACCE0-C352-4092-9C86-2F2DFE244582}.Release|Any CPU.ActiveCfg = Release|Any CPU
		{218ACCE0-C352-4092-9C86-2F2DFE244582}.Release|Any CPU.Build.0 = Release|Any CPU
	EndGlobalSection
	GlobalSection(SolutionProperties) = preSolution
		HideSolutionNode = FALSE
	EndGlobalSection
	GlobalSection(ExtensibilityGlobals) = postSolution
		SolutionGuid = {ED533C72-0332-4201-847C-E5F6948D8C2F}
	EndGlobalSection
EndGlobal
